
Microsoft Visual Studio Solution File, Format Version 12.00
# Visual Studio 14
VisualStudioVersion = 14.0.25123.0
MinimumVisualStudioVersion = 10.0.40219.1
Project("{FAE04EC0-301F-11D3-BF4B-00C04F79EFBC}") = "TwilioIpMessagingWrapper", "TwilioIpMessagingWrapper\TwilioIpMessagingWrapper.csproj", "{EA6AB37C-A1F2-470B-95C9-CA956C50EEB3}"
EndProject
Project("{FAE04EC0-301F-11D3-BF4B-00C04F79EFBC}") = "Twilio.Infrastructure.IpMessaging", "Twilio.Infrastructure.IpMessaging\Twilio.Infrastructure.IpMessaging.csproj", "{2AC1A475-C25B-4CC4-B983-9A8AB7350CC8}"
EndProject
Global
	GlobalSection(SolutionConfigurationPlatforms) = preSolution
		Debug|Any CPU = Debug|Any CPU
		Release|Any CPU = Release|Any CPU
	EndGlobalSection
	GlobalSection(ProjectConfigurationPlatforms) = postSolution
		{EA6AB37C-A1F2-470B-95C9-CA956C50EEB3}.Debug|Any CPU.ActiveCfg = Debug|Any CPU
		{EA6AB37C-A1F2-470B-95C9-CA956C50EEB3}.Debug|Any CPU.Build.0 = Debug|Any CPU
		{EA6AB37C-A1F2-470B-95C9-CA956C50EEB3}.Release|Any CPU.ActiveCfg = Release|Any CPU
		{EA6AB37C-A1F2-470B-95C9-CA956C50EEB3}.Release|Any CPU.Build.0 = Release|Any CPU
		{2AC1A475-C25B-4CC4-B983-9A8AB7350CC8}.Debug|Any CPU.ActiveCfg = Debug|Any CPU
		{2AC1A475-C25B-4CC4-B983-9A8AB7350CC8}.Debug|Any CPU.Build.0 = Debug|Any CPU
		{2AC1A475-C25B-4CC4-B983-9A8AB7350CC8}.Release|Any CPU.ActiveCfg = Release|Any CPU
		{2AC1A475-C25B-4CC4-B983-9A8AB7350CC8}.Release|Any CPU.Build.0 = Release|Any CPU
	EndGlobalSection
	GlobalSection(SolutionProperties) = preSolution
		HideSolutionNode = FALSE
	EndGlobalSection
EndGlobal
